
Microsoft Visual Studio Solution File, Format Version 12.00
# Visual Studio Version 17
VisualStudioVersion = 17.8.34322.80
MinimumVisualStudioVersion = 10.0.40219.1
Project("{9A19103F-16F7-4668-BE54-9A1E7A4F7556}") = "Loan.Domain", "Loan.Domain\Loan.Domain\Loan.Domain.csproj", "{4687891B-899D-46BE-B064-2D4899D1187E}"
EndProject
Project("{9A19103F-16F7-4668-BE54-9A1E7A4F7556}") = "Framework", "Framework\Framework.csproj", "{B3517F14-6685-45EF-93AC-09E6F7B7006B}"
EndProject
Project("{2150E333-8FDC-42A3-9474-1A3956D46DE8}") = "Domain", "Domain", "{903C9635-FBC9-43D9-910F-02E9E1F3F929}"
EndProject
Project("{2150E333-8FDC-42A3-9474-1A3956D46DE8}") = "Tests", "Tests", "{626ED387-1891-4B9E-9E03-A11794418170}"
EndProject
Project("{FAE04EC0-301F-11D3-BF4B-00C04F79EFBC}") = "Domain_Criteria_Tests", "Domain_Criteria_Tests\Domain_Criteria_Tests.csproj", "{0EF2E5A0-7A96-407D-BE96-B0984EE0088C}"
EndProject
Global
	GlobalSection(SolutionConfigurationPlatforms) = preSolution
		Debug|Any CPU = Debug|Any CPU
		Release|Any CPU = Release|Any CPU
	EndGlobalSection
	GlobalSection(ProjectConfigurationPlatforms) = postSolution
		{4687891B-899D-46BE-B064-2D4899D1187E}.Debug|Any CPU.ActiveCfg = Debug|Any CPU
		{4687891B-899D-46BE-B064-2D4899D1187E}.Debug|Any CPU.Build.0 = Debug|Any CPU
		{4687891B-899D-46BE-B064-2D4899D1187E}.Release|Any CPU.ActiveCfg = Release|Any CPU
		{4687891B-899D-46BE-B064-2D4899D1187E}.Release|Any CPU.Build.0 = Release|Any CPU
		{B3517F14-6685-45EF-93AC-09E6F7B7006B}.Debug|Any CPU.ActiveCfg = Debug|Any CPU
		{B3517F14-6685-45EF-93AC-09E6F7B7006B}.Debug|Any CPU.Build.0 = Debug|Any CPU
		{B3517F14-6685-45EF-93AC-09E6F7B7006B}.Release|Any CPU.ActiveCfg = Release|Any CPU
		{B3517F14-6685-45EF-93AC-09E6F7B7006B}.Release|Any CPU.Build.0 = Release|Any CPU
		{0EF2E5A0-7A96-407D-BE96-B0984EE0088C}.Debug|Any CPU.ActiveCfg = Debug|Any CPU
		{0EF2E5A0-7A96-407D-BE96-B0984EE0088C}.Debug|Any CPU.Build.0 = Debug|Any CPU
		{0EF2E5A0-7A96-407D-BE96-B0984EE0088C}.Release|Any CPU.ActiveCfg = Release|Any CPU
		{0EF2E5A0-7A96-407D-BE96-B0984EE0088C}.Release|Any CPU.Build.0 = Release|Any CPU
	EndGlobalSection
	GlobalSection(SolutionProperties) = preSolution
		HideSolutionNode = FALSE
	EndGlobalSection
	GlobalSection(NestedProjects) = preSolution
		{4687891B-899D-46BE-B064-2D4899D1187E} = {903C9635-FBC9-43D9-910F-02E9E1F3F929}
		{626ED387-1891-4B9E-9E03-A11794418170} = {903C9635-FBC9-43D9-910F-02E9E1F3F929}
		{0EF2E5A0-7A96-407D-BE96-B0984EE0088C} = {626ED387-1891-4B9E-9E03-A11794418170}
	EndGlobalSection
	GlobalSection(ExtensibilityGlobals) = postSolution
		SolutionGuid = {03B6A45D-E712-4379-8556-D4BF305C6D57}
	EndGlobalSection
EndGlobal
